
Microsoft Visual Studio Solution File, Format Version 12.00
# Visual Studio Version 17
VisualStudioVersion = 17.14.36616.10 d17.14
MinimumVisualStudioVersion = 10.0.40219.1
Project("{FAE04EC0-301F-11D3-BF4B-00C04F79EFBC}") = "ParticleSystemApp", "ParticleSystemApp\ParticleSystemApp.csproj", "{05A015AC-037E-4222-8B3F-F3FC3ABCD39F}"
EndProject
Global
	GlobalSection(SolutionConfigurationPlatforms) = preSolution
		Debug|Any CPU = Debug|Any CPU
		Release|Any CPU = Release|Any CPU
	EndGlobalSection
	GlobalSection(ProjectConfigurationPlatforms) = postSolution
		{05A015AC-037E-4222-8B3F-F3FC3ABCD39F}.Debug|Any CPU.ActiveCfg = Debug|Any CPU
		{05A015AC-037E-4222-8B3F-F3FC3ABCD39F}.Debug|Any CPU.Build.0 = Debug|Any CPU
		{05A015AC-037E-4222-8B3F-F3FC3ABCD39F}.Release|Any CPU.ActiveCfg = Release|Any CPU
		{05A015AC-037E-4222-8B3F-F3FC3ABCD39F}.Release|Any CPU.Build.0 = Release|Any CPU
	EndGlobalSection
	GlobalSection(SolutionProperties) = preSolution
		HideSolutionNode = FALSE
	EndGlobalSection
	GlobalSection(ExtensibilityGlobals) = postSolution
		SolutionGuid = {A6B2CDEA-346C-4674-B1DB-B268A4EC08F7}
	EndGlobalSection
EndGlobal
